filippo.io/edwards25519 v1.1.0 h1:FNf4tywRC1HmFuKW5xopWpigGjJKiJSV0Cqo0cJWDaA=
filippo.io/edwards25519 v1.1.0/go.mod h1:BxyFTGdWcka3PhytdK4V28tE5sGfRvvvRV7EaN4VDT4=
github.com/ajg/form v1.5.1 h1:t9c7v8JUKu/XxOGBU0yjNpaMloxGEJhUkqFRq0ibGeU=
github.com/ajg/form v1.5.1/go.mod h1:uL1WgH+h2mgNtvBq0339dVnzXdBETtL2LeUXaIv25UY=
github.com/beorn7/perks v1.0.1 h1:VlbKKnNfV8bJzeqoa4cOKqO6bYr3WgKZxO8Z16+hsOM=
github.com/beorn7/perks v1.0.1/go.mod h1:G2ZrVWU2WbWT9wwq4/hrbKbnv/1ERSJQ0ibhJ6rlkpw=
github.com/cespare/xxhash/v2 v2.3.0 h1:UL815xU9SqsFlibzuggzjXhog7bL6oX9BbNZnL2UFvs=
github.com/cespare/xxhash/v2 v2.3.0/go.mod h1:VGX0DQ3Q6kWi7AoAeZDth3/j3BFtOZR5XLFGgcrjCOs=
github.com/davecgh/go-spew v1.1.1 h1:vj9j/u1bqnvCEfJOwUhtlOARqs3+rkHYY13jYWTU97c=
github.com/davecgh/go-spew v1.1.1/go.mod h1:J7Y8YcW2NihsgmVo/mv3lAwl/skON4iLHjSsI+c5H38=
github.com/go-chi/chi/v5 v5.3.1 h1:3j4HZLGZQ3JpMCrPJF/Jl3mYJfWLKBfNJ6quurUGCf8=
github.com/go-chi/chi/v5 v5.3.1/go.mod h1:R+tYY2hNuVUUjxoPtqUdgBqevM9s9njzkTLutVsOCto=
github.com/go-chi/render v1.0.3 h1:AsXqd2a1/INaIfUSKq3G5uA8weYx20FOsM7uSoCyyt4=
github.com/go-chi/render v1.0.3/go.mod h1:/gr3hVkmYR0YlEy3LxCuVRFzEu9Ruok+gFqbIofjao0=
github.com/go-sql-driver/mysql v1.8.1 h1:LedoTUt/eveggdHS9qUFC1EFSa8bU2+1pZjSRpvNJ1Y=
github.com/go-sql-driver/mysql v1.8.1/go.mod h1:wEBSXgmK//2ZFJyE+qWnIsVGmvmEKlqwuVSjsCm7DZg=
github.com/google/go-cmp v0.7.0 h1:wk8382ETsv4JYUZwIsn6YpYiWiBsYLSJiTsyBybVuN8=
github.com/google/go-cmp v0.7.0/go.mod h1:pXiqmnSA92OHEEa9HXL2W4E7lf9JzCmGVUdgjX3N/iU=
github.com/google/uuid v1.6.0 h1:NIvaJDMOsjHA8n1jAhLSgzrAzy1Hgr+hNrb57e+94F0=
github.com/google/uuid v1.6.0/go.mod h1:TIyPZe4MgqvfeYDBFedMoGGpEw/LqOeaOT+nhxU+yHo=
github.com/jmoiron/sqlx v1.4.0 h1:1PLqN7S1UYp5t4SrVVnt4nUVNemrDAtxlulVe+Qgm3o=
github.com/jmoiron/sqlx v1.4.0/go.mod h1:ZrZ7UsYB/weZdl2Bxg6jCRO9c3YHl8r3ahlKmRT4JLY=
github.com/klauspost/compress v1.18.5 h1:/h1gH5Ce+VWNLSWqPzOVn6XBO+vJbCNGvjoaGBFW2IE=
github.com/klauspost/compress v1.18.5/go.mod h1:cwPg85FWrGar70rWktvGQj8/hthj3wpl0PGDogxkrSQ=
github.com/kr/pretty v0.3.1 h1:flRD4NNwYAUpkphVc1HcthR4KEIFJ65n8Mw5qdRn3LE=
github.com/kr/pretty v0.3.1/go.mod h1:hoEshYVHaxMs3cyo3Yncou5ZscifuDolrwPKZanG3xk=
github.com/kr/text v0.2.0 h1:5Nx0Ya0ZqY2ygV366QzturHI13Jq95ApcVaJBhpS+AY=
github.com/kr/text v0.2.0/go.mod h1:eLer722TekiGuMkidMxC/pM04lWEeraHUUmBw8l2grE=
github.com/kylelemons/godebug v1.1.0 h1:RPNrshWIDI6G2gRW9EHilWtl7Z6Sb1BR0xunSBf0SNc=
github.com/kylelemons/godebug v1.1.0/go.mod h1:9/0rRGxNHcop5bhtWyNeEfOS8JIWk580+fNqagV/RAw=
github.com/lib/pq v1.10.9/go.mod h1:AlVN5x4E4T544tWzH6hKfbfQvm3HdbOxrmggDNAPY9o=
github.com/lib/pq v1.12.3 h1:tTWxr2YLKwIvK90ZXEw8GP7UFHtcbTtty8zsI+YjrfQ=
github.com/lib/pq v1.12.3/go.mod h1:/p+8NSbOcwzAEI7wiMXFlgydTwcgTr3OSKMsD2BitpA=
github.com/mattn/go-sqlite3 v1.14.22 h1:2gZY6PC6kBnID23Tichd1K+Z0oS6nE/XwU+Vz/5o4kU=
github.com/mattn/go-sqlite3 v1.14.22/go.mod h1:Uh1q+B4BYcTPb+yiD3kU8Ct7aC0hY9fxUwlHK0RXw+Y=
github.com/munnerz/goautoneg v0.0.0-20191010083416-a7dc8b61c822 h1:C3w9PqII01/Oq1c1nUAm88MOHcQC9l5mIlSMApZMrHA=
github.com/munnerz/goautoneg v0.0.0-20191010083416-a7dc8b61c822/go.mod h1:+n7T8mK8HuQTcFwEeznm/DIxMOiR9yIdICNftLE1DvQ=
github.com/nats-io/nats.go v1.52.0 h1:n3avV4VBsCgsdwh71TppsTwtv+QdPs7ntSKM8qJLGsc=
github.com/nats-io/nats.go v1.52.0/go.mod h1:26HypzazeOkyO3/mqd1zZd53STJN0EjCYF9Uy2ZOBno=
github.com/nats-io/nkeys v0.4.15 h1:JACV5jRVO9V856KOapQ7x+EY8Jo3qw1vJt/9Jpwzkk4=
github.com/nats-io/nkeys v0.4.15/go.mod h1:CpMchTXC9fxA5zrMo4KpySxNjiDVvr8ANOSZdiNfUrs=
github.com/nats-io/nuid v1.0.1 h1:5iA8DT8V7q8WK2EScv2padNa/rTESc1KdnPw4TC2paw=
github.com/nats-io/nuid v1.0.1/go.mod h1:19wcPz3Ph3q0Jbyiqsd0kePYG7A95tJPxeL+1OSON2c=
github.com/pmezard/go-difflib v1.0.0 h1:4DBwDE0NGyQoBHbLQYPwSUPoCMWR5BEzIk/f1lZbAQM=
github.com/pmezard/go-difflib v1.0.0/go.mod h1:iKH77koFhYxTK1pcRnkKkqfTogsbg7gZNVY4sRDYZ/4=
github.com/praetordev/consumer v0.1.1 h1:pgIR8y2Nqqr8dDcJwI+C/K09iGUX8zd42IOTK3de5QM=
github.com/praetordev/consumer v0.1.1/go.mod h1:dKEO0/o7dqAfHI3nsDvbWqyifCQBoqLkeOR36r7C8TY=
github.com/praetordev/credentials v0.1.0 h1:TysS1rxN0ChiwaIqNI8MLD7EZGk7+OHFcH5N5OLsTog=
github.com/praetordev/credentials v0.1.0/go.mod h1:2RySwG3UxsPA1CNi3TndSgaWJISu993lEQLhPE5y4JQ=
github.com/praetordev/crypto v0.1.0 h1:7BMcnoSCPGILknroqhSFrQFjvJb6OnpoaEdFwL2VNvE=
github.com/praetordev/crypto v0.1.0/go.mod h1:nZNnGjhYuouuHJor/JfWr9AWb/tatElVJb15aaPTkHM=
github.com/praetordev/db v0.1.0 h1:jwCebOcxStyZVnbrSmzEje9fmjjGqaCFjWIFBR/FDuI=
github.com/praetordev/db v0.1.0/go.mod h1:DzweV6mONFgXbwgVexMaD1KQbF09eXr28YED3Tf5MyE=
github.com/praetordev/env v0.1.0 h1:GXjk2B60+uSMz0pP+SKfcjOhgvk+2MHgz/jVMUpasLo=
github.com/praetordev/env v0.1.0/go.mod h1:eSO+IkqQVKTwypE5SK73fyw0xpJbBbz7ciEhZ0F3O10=
github.com/praetordev/eventbus v0.1.0 h1:LGSQnjmiPZOV7DDEYzIc5yuJ7i0oZe52farzie5GM3c=
github.com/praetordev/eventbus v0.1.0/go.mod h1:29XBpJHAGp5JItQo6ad5v4R7bBiF3ub2PZ24To2Gg08=
github.com/praetordev/events v0.1.0 h1:n4bZW4klXLN6XSFuX7qIaTPDau4/axFo2Zk71G/nGmI=
github.com/praetordev/events v0.1.0/go.mod h1:gF7ZeKJTxupPc1yPlo8HBhRdzZrRWkBbTEovgba498Y=
github.com/praetordev/launch v0.1.0 h1:VIuFNHiYQHJGX8JW1VrN0+Z6Q0XllKLYMOHd/6lzKaY=
github.com/praetordev/launch v0.1.0/go.mod h1:rCG3gRZUpzZkIC+avzl2skhOJAgPTovXtYLcxr7eCBA=
github.com/praetordev/metrics v0.1.1 h1:ewzE8bkGN23tqBN6yBRhxdPTEyGfZBRzShjpf1NLMH0=
github.com/praetordev/metrics v0.1.1/go.mod h1:P7KurBxnPVuDwzk9uD9vaoKvnpZoZE/DMagRQ2GRsxQ=
github.com/praetordev/models v0.2.0 h1:B2JiEc+gHnMtTkl838hNH1Wee9esnGwS8KZsg/aAPbQ=
github.com/praetordev/models v0.2.0/go.mod h1:Q0VzThsStaMr64YW3kAe8pCFT846k75RU0dJj2nETMc=
github.com/praetordev/notify v0.1.0 h1:YpTErKoNHrO3+XNrQic9lUVwTRjfnOf4iCHpAI5MlQs=
github.com/praetordev/notify v0.1.0/go.mod h1:v87tYub+HhWUXgUUiKDUZyE5Nc98YwMSDcBJoeT2bCs=
github.com/praetordev/objectstore v0.1.2 h1:WeI0MvVZEBOAm/yyIAuse1Y608H2b92G6lqNUkZux1g=
github.com/praetordev/objectstore v0.1.2/go.mod h1:rHqeAqWGDlH78UraJDQXovMVa0sBfQRwrQ6syFtr8Ls=
github.com/praetordev/plog v0.1.0 h1:SDqOJK8hz86xnzCQ5Tq7TGujE1WeWEnxEq3xqMp+sEc=
github.com/praetordev/plog v0.1.0/go.mod h1:XNK4wMTvkJIcJ+RtBuNkF538yr2cKowo84Cq1w+WF/8=
github.com/praetordev/registry v0.1.0 h1:QXFEMLKtkqMmcKaKlKUc5KrOT/l+rm9qoSBju4bG3pQ=
github.com/praetordev/registry v0.1.0/go.mod h1:8pC6g1iSZW6mU1OvSZ4eW1tsXZuvZSnO59hLtMAGUvo=
github.com/praetordev/render v0.1.0 h1:C8STNpDFvqmEEjiK6ccYeJM6825qoUd3osvgACSKqpU=
github.com/praetordev/render v0.1.0/go.mod h1:sfOmoxhgMF6ROP4lI8zAi7RoinVJVRRR1xTBgVm27ZY=
github.com/praetordev/runtoken v0.1.0 h1:t79TNmGDXT7JvBHPc9AxTKrwFzpRCa+aS5LhgxMNdpI=
github.com/praetordev/runtoken v0.1.0/go.mod h1:r1uUm+e1+cLhDFgD3X1z6FvtYlE//HpMUJJtmgF1AuI=
github.com/praetordev/store v0.1.2 h1:uH5ICkUFML1ymItKJk0MdpQfp0BgA3zKF4jbbGtiirk=
github.com/praetordev/store v0.1.2/go.mod h1:71VFkhVgRYRIwPU8X+gmv9c7Eqha6+KNgFJXRbuxeXg=
github.com/prometheus/client_golang v1.23.2 h1:Je96obch5RDVy3FDMndoUsjAhG5Edi49h0RJWRi/o0o=
github.com/prometheus/client_golang v1.23.2/go.mod h1:Tb1a6LWHB3/SPIzCoaDXI4I8UHKeFTEQ1YCr+0Gyqmg=
github.com/prometheus/client_model v0.6.2 h1:oBsgwpGs7iVziMvrGhE53c/GrLUsZdHnqNwqPLxwZyk=
github.com/prometheus/client_model v0.6.2/go.mod h1:y3m2F6Gdpfy6Ut/GBsUqTWZqCUvMVzSfMLjcu6wAwpE=
github.com/prometheus/common v0.66.1 h1:h5E0h5/Y8niHc5DlaLlWLArTQI7tMrsfQjHV+d9ZoGs=
github.com/prometheus/common v0.66.1/go.mod h1:gcaUsgf3KfRSwHY4dIMXLPV0K/Wg1oZ8+SbZk/HH/dA=
github.com/prometheus/procfs v0.16.1 h1:hZ15bTNuirocR6u0JZ6BAHHmwS1p8B4P6MRqxtzMyRg=
github.com/prometheus/procfs v0.16.1/go.mod h1:teAbpZRB1iIAJYREa1LsoWUXykVXA1KlTmWl8x/U+Is=
github.com/rogpeppe/go-internal v1.10.0 h1:TMyTOH3F/DB16zRVcYyreMH6GnZZrwQVAoYjRBZyWFQ=
github.com/rogpeppe/go-internal v1.10.0/go.mod h1:UQnix2H7Ngw/k4C5ijL5+65zddjncjaFoBhdsK/akog=
github.com/stretchr/testify v1.11.1 h1:7s2iGBzp5EwR7/aIZr8ao5+dra3wiQyKjjFuvgVKu7U=
github.com/stretchr/testify v1.11.1/go.mod h1:wZwfW3scLgRK+23gO65QZefKpKQRnfz6sD981Nm4B6U=
go.uber.org/goleak v1.3.0 h1:2K3zAYmnTNqV73imy9J1T3WC+gmCePx2hEGkimedGto=
go.uber.org/goleak v1.3.0/go.mod h1:CoHD4mav9JJNrW/WLlf7HGZPjdw8EucARQHekz1X6bE=
go.yaml.in/yaml/v2 v2.4.2 h1:DzmwEr2rDGHl7lsFgAHxmNz/1NlQ7xLIrlN2h5d1eGI=
go.yaml.in/yaml/v2 v2.4.2/go.mod h1:081UH+NErpNdqlCXm3TtEran0rJZGxAYx9hb/ELlsPU=
golang.org/x/crypto v0.54.0 h1:YLIA59K4fiNzHzjnZt2tUJQjQtUWfWbeHBqKtk3eScw=
golang.org/x/crypto v0.54.0/go.mod h1:KWL8ny2AZdGR2cWmzeHrp2azQPGogOv+HeQaVEXC2dk=
golang.org/x/sys v0.47.0 h1:o7XGOvZQCADBQQ4Y7VNq2dRWQR7JmOUW8Kxx4ZsNgWs=
golang.org/x/sys v0.47.0/go.mod h1:4GL1E5IUh+htKOUEOaiffhrAeqysfVGipDYzABqnCmw=
google.golang.org/protobuf v1.36.8 h1:xHScyCOEuuwZEc6UtSOvPbAT4zRh0xcNRYekJwfqyMc=
google.golang.org/protobuf v1.36.8/go.mod h1:fuxRtAxBytpl4zzqUh6/eyUujkJdNiuEkXntxiD/uRU=
gopkg.in/check.v1 v0.0.0-20161208181325-20d25e280405/go.mod h1:Co6ibVJAznAaIkqp8huTwlJQCZ016jof/cbN4VW5Yz0=
gopkg.in/check.v1 v1.0.0-20201130134442-10cb98267c6c h1:Hei/4ADfdWqJk1ZMxUNpqntNwaWcugrBjAiHlqqRiVk=
gopkg.in/check.v1 v1.0.0-20201130134442-10cb98267c6c/go.mod h1:JHkPIbrfpd72SG/EVd6muEfDQjcINNoR0C8j2r3qZ4Q=
gopkg.in/yaml.v3 v3.0.1 h1:fxVm/GzAzEWqLHuvctI91KS9hhNmmWOoWu0XTYJS7CA=
gopkg.in/yaml.v3 v3.0.1/go.mod h1:K4uyk7z7BCEPqu6E+C64Yfv1cQ7kz7rIZviUmN+EgEM=
